
Microsoft Visual Studio Solution File, Format Version 12.00
# Visual Studio Version 17
VisualStudioVersion = 17.6.33829.357
MinimumVisualStudioVersion = 10.0.40219.1
Project("{FAE04EC0-301F-11D3-BF4B-00C04F79EFBC}") = "04. Toy Shop", "04. Toy Shop.csproj", "{F602CEF7-76CD-4F9B-8AA4-91FAD37ECA0E}"
EndProject
Global
	GlobalSection(SolutionConfigurationPlatforms) = preSolution
		Debug|Any CPU = Debug|Any CPU
		Release|Any CPU = Release|Any CPU
	EndGlobalSection
	GlobalSection(ProjectConfigurationPlatforms) = postSolution
		{F602CEF7-76CD-4F9B-8AA4-91FAD37ECA0E}.Debug|Any CPU.ActiveCfg = Debug|Any CPU
		{F602CEF7-76CD-4F9B-8AA4-91FAD37ECA0E}.Debug|Any CPU.Build.0 = Debug|Any CPU
		{F602CEF7-76CD-4F9B-8AA4-91FAD37ECA0E}.Release|Any CPU.ActiveCfg = Release|Any CPU
		{F602CEF7-76CD-4F9B-8AA4-91FAD37ECA0E}.Release|Any CPU.Build.0 = Release|Any CPU
	EndGlobalSection
	GlobalSection(SolutionProperties) = preSolution
		HideSolutionNode = FALSE
	EndGlobalSection
	GlobalSection(ExtensibilityGlobals) = postSolution
		SolutionGuid = {67DE8792-6E0D-422B-B375-8974BE523127}
	EndGlobalSection
EndGlobal
