
Microsoft Visual Studio Solution File, Format Version 12.00
# Visual Studio Version 17
VisualStudioVersion = 17.6.33829.357
MinimumVisualStudioVersion = 10.0.40219.1
Project("{FAE04EC0-301F-11D3-BF4B-00C04F79EFBC}") = "04. Sequence 2k+1", "04. Sequence 2k+1.csproj", "{8073B93F-71E5-44F9-B0AB-7324037C8CF2}"
EndProject
Global
	GlobalSection(SolutionConfigurationPlatforms) = preSolution
		Debug|Any CPU = Debug|Any CPU
		Release|Any CPU = Release|Any CPU
	EndGlobalSection
	GlobalSection(ProjectConfigurationPlatforms) = postSolution
		{8073B93F-71E5-44F9-B0AB-7324037C8CF2}.Debug|Any CPU.ActiveCfg = Debug|Any CPU
		{8073B93F-71E5-44F9-B0AB-7324037C8CF2}.Debug|Any CPU.Build.0 = Debug|Any CPU
		{8073B93F-71E5-44F9-B0AB-7324037C8CF2}.Release|Any CPU.ActiveCfg = Release|Any CPU
		{8073B93F-71E5-44F9-B0AB-7324037C8CF2}.Release|Any CPU.Build.0 = Release|Any CPU
	EndGlobalSection
	GlobalSection(SolutionProperties) = preSolution
		HideSolutionNode = FALSE
	EndGlobalSection
	GlobalSection(ExtensibilityGlobals) = postSolution
		SolutionGuid = {C5B5D0E5-9EE5-4D6C-A319-AC2FF4B660E2}
	EndGlobalSection
EndGlobal
