
Microsoft Visual Studio Solution File, Format Version 12.00
# Visual Studio Version 17
VisualStudioVersion = 17.6.33829.357
MinimumVisualStudioVersion = 10.0.40219.1
Project("{FAE04EC0-301F-11D3-BF4B-00C04F79EFBC}") = "05. Journey", "05. Journey.csproj", "{EE374EF6-FCCA-40B6-9F4C-DBD67D27E890}"
EndProject
Global
	GlobalSection(SolutionConfigurationPlatforms) = preSolution
		Debug|Any CPU = Debug|Any CPU
		Release|Any CPU = Release|Any CPU
	EndGlobalSection
	GlobalSection(ProjectConfigurationPlatforms) = postSolution
		{EE374EF6-FCCA-40B6-9F4C-DBD67D27E890}.Debug|Any CPU.ActiveCfg = Debug|Any CPU
		{EE374EF6-FCCA-40B6-9F4C-DBD67D27E890}.Debug|Any CPU.Build.0 = Debug|Any CPU
		{EE374EF6-FCCA-40B6-9F4C-DBD67D27E890}.Release|Any CPU.ActiveCfg = Release|Any CPU
		{EE374EF6-FCCA-40B6-9F4C-DBD67D27E890}.Release|Any CPU.Build.0 = Release|Any CPU
	EndGlobalSection
	GlobalSection(SolutionProperties) = preSolution
		HideSolutionNode = FALSE
	EndGlobalSection
	GlobalSection(ExtensibilityGlobals) = postSolution
		SolutionGuid = {40BFBA54-ECB0-4910-B9D6-C5C3A20EB2C1}
	EndGlobalSection
EndGlobal
