
Microsoft Visual Studio Solution File, Format Version 12.00
# Visual Studio Version 17
VisualStudioVersion = 17.6.33829.357
MinimumVisualStudioVersion = 10.0.40219.1
Project("{FAE04EC0-301F-11D3-BF4B-00C04F79EFBC}") = "08. Graduation", "08. Graduation.csproj", "{D90D9E50-DDAA-4D42-A110-B19604510FAE}"
EndProject
Global
	GlobalSection(SolutionConfigurationPlatforms) = preSolution
		Debug|Any CPU = Debug|Any CPU
		Release|Any CPU = Release|Any CPU
	EndGlobalSection
	GlobalSection(ProjectConfigurationPlatforms) = postSolution
		{D90D9E50-DDAA-4D42-A110-B19604510FAE}.Debug|Any CPU.ActiveCfg = Debug|Any CPU
		{D90D9E50-DDAA-4D42-A110-B19604510FAE}.Debug|Any CPU.Build.0 = Debug|Any CPU
		{D90D9E50-DDAA-4D42-A110-B19604510FAE}.Release|Any CPU.ActiveCfg = Release|Any CPU
		{D90D9E50-DDAA-4D42-A110-B19604510FAE}.Release|Any CPU.Build.0 = Release|Any CPU
	EndGlobalSection
	GlobalSection(SolutionProperties) = preSolution
		HideSolutionNode = FALSE
	EndGlobalSection
	GlobalSection(ExtensibilityGlobals) = postSolution
		SolutionGuid = {A481D534-FF8F-45C6-8EFC-918CA3E8AA5A}
	EndGlobalSection
EndGlobal
