
Microsoft Visual Studio Solution File, Format Version 12.00
# Visual Studio Version 17
VisualStudioVersion = 17.6.33829.357
MinimumVisualStudioVersion = 10.0.40219.1
Project("{FAE04EC0-301F-11D3-BF4B-00C04F79EFBC}") = "09. Yard Greening", "09. Yard Greening.csproj", "{D43D9B8F-E511-4BA9-A5CF-3750A6F91875}"
EndProject
Global
	GlobalSection(SolutionConfigurationPlatforms) = preSolution
		Debug|Any CPU = Debug|Any CPU
		Release|Any CPU = Release|Any CPU
	EndGlobalSection
	GlobalSection(ProjectConfigurationPlatforms) = postSolution
		{D43D9B8F-E511-4BA9-A5CF-3750A6F91875}.Debug|Any CPU.ActiveCfg = Debug|Any CPU
		{D43D9B8F-E511-4BA9-A5CF-3750A6F91875}.Debug|Any CPU.Build.0 = Debug|Any CPU
		{D43D9B8F-E511-4BA9-A5CF-3750A6F91875}.Release|Any CPU.ActiveCfg = Release|Any CPU
		{D43D9B8F-E511-4BA9-A5CF-3750A6F91875}.Release|Any CPU.Build.0 = Release|Any CPU
	EndGlobalSection
	GlobalSection(SolutionProperties) = preSolution
		HideSolutionNode = FALSE
	EndGlobalSection
	GlobalSection(ExtensibilityGlobals) = postSolution
		SolutionGuid = {6EDFCC2A-F968-4415-BFCF-45BFEDE4BAB5}
	EndGlobalSection
EndGlobal
