
Microsoft Visual Studio Solution File, Format Version 12.00
# Visual Studio Version 17
VisualStudioVersion = 17.6.33829.357
MinimumVisualStudioVersion = 10.0.40219.1
Project("{FAE04EC0-301F-11D3-BF4B-00C04F79EFBC}") = "05. Godzilla vs. Kong", "05. Godzilla vs. Kong.csproj", "{FFD183A5-2C43-4D84-8729-59569AB1B695}"
EndProject
Global
	GlobalSection(SolutionConfigurationPlatforms) = preSolution
		Debug|Any CPU = Debug|Any CPU
		Release|Any CPU = Release|Any CPU
	EndGlobalSection
	GlobalSection(ProjectConfigurationPlatforms) = postSolution
		{FFD183A5-2C43-4D84-8729-59569AB1B695}.Debug|Any CPU.ActiveCfg = Debug|Any CPU
		{FFD183A5-2C43-4D84-8729-59569AB1B695}.Debug|Any CPU.Build.0 = Debug|Any CPU
		{FFD183A5-2C43-4D84-8729-59569AB1B695}.Release|Any CPU.ActiveCfg = Release|Any CPU
		{FFD183A5-2C43-4D84-8729-59569AB1B695}.Release|Any CPU.Build.0 = Release|Any CPU
	EndGlobalSection
	GlobalSection(SolutionProperties) = preSolution
		HideSolutionNode = FALSE
	EndGlobalSection
	GlobalSection(ExtensibilityGlobals) = postSolution
		SolutionGuid = {58B42910-FEFB-4F2F-B6AB-8D86506ACD95}
	EndGlobalSection
EndGlobal
