
Microsoft Visual Studio Solution File, Format Version 12.00
# Visual Studio Version 17
VisualStudioVersion = 17.6.33829.357
MinimumVisualStudioVersion = 10.0.40219.1
Project("{FAE04EC0-301F-11D3-BF4B-00C04F79EFBC}") = "09. Left and Right Sum", "09. Left and Right Sum.csproj", "{D84DD9F2-5ED2-4664-AFA3-E0D1DA24AB96}"
EndProject
Global
	GlobalSection(SolutionConfigurationPlatforms) = preSolution
		Debug|Any CPU = Debug|Any CPU
		Release|Any CPU = Release|Any CPU
	EndGlobalSection
	GlobalSection(ProjectConfigurationPlatforms) = postSolution
		{D84DD9F2-5ED2-4664-AFA3-E0D1DA24AB96}.Debug|Any CPU.ActiveCfg = Debug|Any CPU
		{D84DD9F2-5ED2-4664-AFA3-E0D1DA24AB96}.Debug|Any CPU.Build.0 = Debug|Any CPU
		{D84DD9F2-5ED2-4664-AFA3-E0D1DA24AB96}.Release|Any CPU.ActiveCfg = Release|Any CPU
		{D84DD9F2-5ED2-4664-AFA3-E0D1DA24AB96}.Release|Any CPU.Build.0 = Release|Any CPU
	EndGlobalSection
	GlobalSection(SolutionProperties) = preSolution
		HideSolutionNode = FALSE
	EndGlobalSection
	GlobalSection(ExtensibilityGlobals) = postSolution
		SolutionGuid = {8208BCA4-A1B6-431B-B5B0-3C4F7B499E50}
	EndGlobalSection
EndGlobal
