
Microsoft Visual Studio Solution File, Format Version 12.00
# Visual Studio Version 17
VisualStudioVersion = 17.6.33829.357
MinimumVisualStudioVersion = 10.0.40219.1
Project("{FAE04EC0-301F-11D3-BF4B-00C04F79EFBC}") = "08. Lunch Break", "08. Lunch Break.csproj", "{E63B8460-6D61-425A-8BB1-EEF4671D7EA6}"
EndProject
Global
	GlobalSection(SolutionConfigurationPlatforms) = preSolution
		Debug|Any CPU = Debug|Any CPU
		Release|Any CPU = Release|Any CPU
	EndGlobalSection
	GlobalSection(ProjectConfigurationPlatforms) = postSolution
		{E63B8460-6D61-425A-8BB1-EEF4671D7EA6}.Debug|Any CPU.ActiveCfg = Debug|Any CPU
		{E63B8460-6D61-425A-8BB1-EEF4671D7EA6}.Debug|Any CPU.Build.0 = Debug|Any CPU
		{E63B8460-6D61-425A-8BB1-EEF4671D7EA6}.Release|Any CPU.ActiveCfg = Release|Any CPU
		{E63B8460-6D61-425A-8BB1-EEF4671D7EA6}.Release|Any CPU.Build.0 = Release|Any CPU
	EndGlobalSection
	GlobalSection(SolutionProperties) = preSolution
		HideSolutionNode = FALSE
	EndGlobalSection
	GlobalSection(ExtensibilityGlobals) = postSolution
		SolutionGuid = {16A95C44-A168-4DD2-9A01-50951FB98854}
	EndGlobalSection
EndGlobal
