
Microsoft Visual Studio Solution File, Format Version 12.00
# Visual Studio Version 17
VisualStudioVersion = 17.6.33829.357
MinimumVisualStudioVersion = 10.0.40219.1
Project("{FAE04EC0-301F-11D3-BF4B-00C04F79EFBC}") = "05. Account Balance", "05. Account Balance.csproj", "{4647487B-CE06-4B99-9B63-536EBA5CB318}"
EndProject
Global
	GlobalSection(SolutionConfigurationPlatforms) = preSolution
		Debug|Any CPU = Debug|Any CPU
		Release|Any CPU = Release|Any CPU
	EndGlobalSection
	GlobalSection(ProjectConfigurationPlatforms) = postSolution
		{4647487B-CE06-4B99-9B63-536EBA5CB318}.Debug|Any CPU.ActiveCfg = Debug|Any CPU
		{4647487B-CE06-4B99-9B63-536EBA5CB318}.Debug|Any CPU.Build.0 = Debug|Any CPU
		{4647487B-CE06-4B99-9B63-536EBA5CB318}.Release|Any CPU.ActiveCfg = Release|Any CPU
		{4647487B-CE06-4B99-9B63-536EBA5CB318}.Release|Any CPU.Build.0 = Release|Any CPU
	EndGlobalSection
	GlobalSection(SolutionProperties) = preSolution
		HideSolutionNode = FALSE
	EndGlobalSection
	GlobalSection(ExtensibilityGlobals) = postSolution
		SolutionGuid = {FF1F2238-2A52-41E7-A0AF-1E218369E82F}
	EndGlobalSection
EndGlobal
