
Microsoft Visual Studio Solution File, Format Version 12.00
# Visual Studio Version 17
VisualStudioVersion = 17.6.33829.357
MinimumVisualStudioVersion = 10.0.40219.1
Project("{FAE04EC0-301F-11D3-BF4B-00C04F79EFBC}") = "01. Clock", "01. Clock.csproj", "{6963CA4C-5343-44CC-A215-DEDF376107BE}"
EndProject
Global
	GlobalSection(SolutionConfigurationPlatforms) = preSolution
		Debug|Any CPU = Debug|Any CPU
		Release|Any CPU = Release|Any CPU
	EndGlobalSection
	GlobalSection(ProjectConfigurationPlatforms) = postSolution
		{6963CA4C-5343-44CC-A215-DEDF376107BE}.Debug|Any CPU.ActiveCfg = Debug|Any CPU
		{6963CA4C-5343-44CC-A215-DEDF376107BE}.Debug|Any CPU.Build.0 = Debug|Any CPU
		{6963CA4C-5343-44CC-A215-DEDF376107BE}.Release|Any CPU.ActiveCfg = Release|Any CPU
		{6963CA4C-5343-44CC-A215-DEDF376107BE}.Release|Any CPU.Build.0 = Release|Any CPU
	EndGlobalSection
	GlobalSection(SolutionProperties) = preSolution
		HideSolutionNode = FALSE
	EndGlobalSection
	GlobalSection(ExtensibilityGlobals) = postSolution
		SolutionGuid = {72FDC1AE-5122-4284-9AB0-5EDD20BA89D0}
	EndGlobalSection
EndGlobal
