
Microsoft Visual Studio Solution File, Format Version 12.00
# Visual Studio Version 17
VisualStudioVersion = 17.6.33829.357
MinimumVisualStudioVersion = 10.0.40219.1
Project("{FAE04EC0-301F-11D3-BF4B-00C04F79EFBC}") = "01. Read Text", "01. Read Text.csproj", "{9596D60C-46E7-40B9-AB4E-0467E8CD818B}"
EndProject
Global
	GlobalSection(SolutionConfigurationPlatforms) = preSolution
		Debug|Any CPU = Debug|Any CPU
		Release|Any CPU = Release|Any CPU
	EndGlobalSection
	GlobalSection(ProjectConfigurationPlatforms) = postSolution
		{9596D60C-46E7-40B9-AB4E-0467E8CD818B}.Debug|Any CPU.ActiveCfg = Debug|Any CPU
		{9596D60C-46E7-40B9-AB4E-0467E8CD818B}.Debug|Any CPU.Build.0 = Debug|Any CPU
		{9596D60C-46E7-40B9-AB4E-0467E8CD818B}.Release|Any CPU.ActiveCfg = Release|Any CPU
		{9596D60C-46E7-40B9-AB4E-0467E8CD818B}.Release|Any CPU.Build.0 = Release|Any CPU
	EndGlobalSection
	GlobalSection(SolutionProperties) = preSolution
		HideSolutionNode = FALSE
	EndGlobalSection
	GlobalSection(ExtensibilityGlobals) = postSolution
		SolutionGuid = {021B701B-90D9-4CC5-A641-BAF0DACA93B7}
	EndGlobalSection
EndGlobal
