
Microsoft Visual Studio Solution File, Format Version 12.00
# Visual Studio Version 17
VisualStudioVersion = 17.6.33829.357
MinimumVisualStudioVersion = 10.0.40219.1
Project("{FAE04EC0-301F-11D3-BF4B-00C04F79EFBC}") = "09. Ski Trip", "09. Ski Trip.csproj", "{B702D0C9-2081-47B0-8030-B6E4AB89003B}"
EndProject
Global
	GlobalSection(SolutionConfigurationPlatforms) = preSolution
		Debug|Any CPU = Debug|Any CPU
		Release|Any CPU = Release|Any CPU
	EndGlobalSection
	GlobalSection(ProjectConfigurationPlatforms) = postSolution
		{B702D0C9-2081-47B0-8030-B6E4AB89003B}.Debug|Any CPU.ActiveCfg = Debug|Any CPU
		{B702D0C9-2081-47B0-8030-B6E4AB89003B}.Debug|Any CPU.Build.0 = Debug|Any CPU
		{B702D0C9-2081-47B0-8030-B6E4AB89003B}.Release|Any CPU.ActiveCfg = Release|Any CPU
		{B702D0C9-2081-47B0-8030-B6E4AB89003B}.Release|Any CPU.Build.0 = Release|Any CPU
	EndGlobalSection
	GlobalSection(SolutionProperties) = preSolution
		HideSolutionNode = FALSE
	EndGlobalSection
	GlobalSection(ExtensibilityGlobals) = postSolution
		SolutionGuid = {4A3D4492-9B0E-48EF-97F4-A334CB9CEEE3}
	EndGlobalSection
EndGlobal
