
Microsoft Visual Studio Solution File, Format Version 12.00
# Visual Studio Version 17
VisualStudioVersion = 17.6.33829.357
MinimumVisualStudioVersion = 10.0.40219.1
Project("{FAE04EC0-301F-11D3-BF4B-00C04F79EFBC}") = "12. Trade Commissions", "12. Trade Commissions.csproj", "{30C187E7-A224-42E3-B316-5C9F4C88FF14}"
EndProject
Global
	GlobalSection(SolutionConfigurationPlatforms) = preSolution
		Debug|Any CPU = Debug|Any CPU
		Release|Any CPU = Release|Any CPU
	EndGlobalSection
	GlobalSection(ProjectConfigurationPlatforms) = postSolution
		{30C187E7-A224-42E3-B316-5C9F4C88FF14}.Debug|Any CPU.ActiveCfg = Debug|Any CPU
		{30C187E7-A224-42E3-B316-5C9F4C88FF14}.Debug|Any CPU.Build.0 = Debug|Any CPU
		{30C187E7-A224-42E3-B316-5C9F4C88FF14}.Release|Any CPU.ActiveCfg = Release|Any CPU
		{30C187E7-A224-42E3-B316-5C9F4C88FF14}.Release|Any CPU.Build.0 = Release|Any CPU
	EndGlobalSection
	GlobalSection(SolutionProperties) = preSolution
		HideSolutionNode = FALSE
	EndGlobalSection
	GlobalSection(ExtensibilityGlobals) = postSolution
		SolutionGuid = {7C1A316D-0003-4750-8140-C48D82751FDB}
	EndGlobalSection
EndGlobal
