
Microsoft Visual Studio Solution File, Format Version 12.00
# Visual Studio Version 17
VisualStudioVersion = 17.6.33829.357
MinimumVisualStudioVersion = 10.0.40219.1
Project("{FAE04EC0-301F-11D3-BF4B-00C04F79EFBC}") = "07. Food Delivery", "07. Food Delivery.csproj", "{EA2EB63B-50DA-4096-B0C8-F68E8B28A1EA}"
EndProject
Global
	GlobalSection(SolutionConfigurationPlatforms) = preSolution
		Debug|Any CPU = Debug|Any CPU
		Release|Any CPU = Release|Any CPU
	EndGlobalSection
	GlobalSection(ProjectConfigurationPlatforms) = postSolution
		{EA2EB63B-50DA-4096-B0C8-F68E8B28A1EA}.Debug|Any CPU.ActiveCfg = Debug|Any CPU
		{EA2EB63B-50DA-4096-B0C8-F68E8B28A1EA}.Debug|Any CPU.Build.0 = Debug|Any CPU
		{EA2EB63B-50DA-4096-B0C8-F68E8B28A1EA}.Release|Any CPU.ActiveCfg = Release|Any CPU
		{EA2EB63B-50DA-4096-B0C8-F68E8B28A1EA}.Release|Any CPU.Build.0 = Release|Any CPU
	EndGlobalSection
	GlobalSection(SolutionProperties) = preSolution
		HideSolutionNode = FALSE
	EndGlobalSection
	GlobalSection(ExtensibilityGlobals) = postSolution
		SolutionGuid = {0F77B3C1-AC94-4007-9B9D-BB1CA3922AE7}
	EndGlobalSection
EndGlobal
