
Microsoft Visual Studio Solution File, Format Version 12.00
# Visual Studio Version 17
VisualStudioVersion = 17.6.33829.357
MinimumVisualStudioVersion = 10.0.40219.1
Project("{FAE04EC0-301F-11D3-BF4B-00C04F79EFBC}") = "06. Number in Range", "06. Number in Range.csproj", "{3C792D70-80BB-4BA4-B714-370A5AB431FA}"
EndProject
Global
	GlobalSection(SolutionConfigurationPlatforms) = preSolution
		Debug|Any CPU = Debug|Any CPU
		Release|Any CPU = Release|Any CPU
	EndGlobalSection
	GlobalSection(ProjectConfigurationPlatforms) = postSolution
		{3C792D70-80BB-4BA4-B714-370A5AB431FA}.Debug|Any CPU.ActiveCfg = Debug|Any CPU
		{3C792D70-80BB-4BA4-B714-370A5AB431FA}.Debug|Any CPU.Build.0 = Debug|Any CPU
		{3C792D70-80BB-4BA4-B714-370A5AB431FA}.Release|Any CPU.ActiveCfg = Release|Any CPU
		{3C792D70-80BB-4BA4-B714-370A5AB431FA}.Release|Any CPU.Build.0 = Release|Any CPU
	EndGlobalSection
	GlobalSection(SolutionProperties) = preSolution
		HideSolutionNode = FALSE
	EndGlobalSection
	GlobalSection(ExtensibilityGlobals) = postSolution
		SolutionGuid = {EA4A8067-225A-4DA4-A15A-C12523DE5024}
	EndGlobalSection
EndGlobal
