
Microsoft Visual Studio Solution File, Format Version 12.00
# Visual Studio Version 17
VisualStudioVersion = 17.6.33829.357
MinimumVisualStudioVersion = 10.0.40219.1
Project("{FAE04EC0-301F-11D3-BF4B-00C04F79EFBC}") = "03. Combinations", "03. Combinations.csproj", "{E617AD4F-7660-40F6-BC2B-822E434CDF55}"
EndProject
Global
	GlobalSection(SolutionConfigurationPlatforms) = preSolution
		Debug|Any CPU = Debug|Any CPU
		Release|Any CPU = Release|Any CPU
	EndGlobalSection
	GlobalSection(ProjectConfigurationPlatforms) = postSolution
		{E617AD4F-7660-40F6-BC2B-822E434CDF55}.Debug|Any CPU.ActiveCfg = Debug|Any CPU
		{E617AD4F-7660-40F6-BC2B-822E434CDF55}.Debug|Any CPU.Build.0 = Debug|Any CPU
		{E617AD4F-7660-40F6-BC2B-822E434CDF55}.Release|Any CPU.ActiveCfg = Release|Any CPU
		{E617AD4F-7660-40F6-BC2B-822E434CDF55}.Release|Any CPU.Build.0 = Release|Any CPU
	EndGlobalSection
	GlobalSection(SolutionProperties) = preSolution
		HideSolutionNode = FALSE
	EndGlobalSection
	GlobalSection(ExtensibilityGlobals) = postSolution
		SolutionGuid = {3B59FBD4-4863-4AE5-968A-C75CCC7EE673}
	EndGlobalSection
EndGlobal
