
Microsoft Visual Studio Solution File, Format Version 12.00
# Visual Studio Version 17
VisualStudioVersion = 17.6.33829.357
MinimumVisualStudioVersion = 10.0.40219.1
Project("{FAE04EC0-301F-11D3-BF4B-00C04F79EFBC}") = "02. Radians to Degrees", "02. Radians to Degrees.csproj", "{21530356-CA85-4F6B-9309-A78D5CA2DF62}"
EndProject
Global
	GlobalSection(SolutionConfigurationPlatforms) = preSolution
		Debug|Any CPU = Debug|Any CPU
		Release|Any CPU = Release|Any CPU
	EndGlobalSection
	GlobalSection(ProjectConfigurationPlatforms) = postSolution
		{21530356-CA85-4F6B-9309-A78D5CA2DF62}.Debug|Any CPU.ActiveCfg = Debug|Any CPU
		{21530356-CA85-4F6B-9309-A78D5CA2DF62}.Debug|Any CPU.Build.0 = Debug|Any CPU
		{21530356-CA85-4F6B-9309-A78D5CA2DF62}.Release|Any CPU.ActiveCfg = Release|Any CPU
		{21530356-CA85-4F6B-9309-A78D5CA2DF62}.Release|Any CPU.Build.0 = Release|Any CPU
	EndGlobalSection
	GlobalSection(SolutionProperties) = preSolution
		HideSolutionNode = FALSE
	EndGlobalSection
	GlobalSection(ExtensibilityGlobals) = postSolution
		SolutionGuid = {C44ECABE-7503-40DF-9515-BE16AD82FFDB}
	EndGlobalSection
EndGlobal
