
Microsoft Visual Studio Solution File, Format Version 12.00
# Visual Studio Version 17
VisualStudioVersion = 17.6.33829.357
MinimumVisualStudioVersion = 10.0.40219.1
Project("{FAE04EC0-301F-11D3-BF4B-00C04F79EFBC}") = "03. Numbers from 1 to N with Step 3", "03. Numbers from 1 to N with Step 3.csproj", "{1690AF65-F61A-46BE-BBB6-3B9D6E94C912}"
EndProject
Global
	GlobalSection(SolutionConfigurationPlatforms) = preSolution
		Debug|Any CPU = Debug|Any CPU
		Release|Any CPU = Release|Any CPU
	EndGlobalSection
	GlobalSection(ProjectConfigurationPlatforms) = postSolution
		{1690AF65-F61A-46BE-BBB6-3B9D6E94C912}.Debug|Any CPU.ActiveCfg = Debug|Any CPU
		{1690AF65-F61A-46BE-BBB6-3B9D6E94C912}.Debug|Any CPU.Build.0 = Debug|Any CPU
		{1690AF65-F61A-46BE-BBB6-3B9D6E94C912}.Release|Any CPU.ActiveCfg = Release|Any CPU
		{1690AF65-F61A-46BE-BBB6-3B9D6E94C912}.Release|Any CPU.Build.0 = Release|Any CPU
	EndGlobalSection
	GlobalSection(SolutionProperties) = preSolution
		HideSolutionNode = FALSE
	EndGlobalSection
	GlobalSection(ExtensibilityGlobals) = postSolution
		SolutionGuid = {BEC9C0FF-A4EF-4F13-A110-0290426CB542}
	EndGlobalSection
EndGlobal
