
Microsoft Visual Studio Solution File, Format Version 12.00
# Visual Studio Version 17
VisualStudioVersion = 17.6.33829.357
MinimumVisualStudioVersion = 10.0.40219.1
Project("{FAE04EC0-301F-11D3-BF4B-00C04F79EFBC}") = "09. Fish Tank", "09. Fish Tank.csproj", "{C83AC738-868B-4443-B720-CFD42950FF24}"
EndProject
Global
	GlobalSection(SolutionConfigurationPlatforms) = preSolution
		Debug|Any CPU = Debug|Any CPU
		Release|Any CPU = Release|Any CPU
	EndGlobalSection
	GlobalSection(ProjectConfigurationPlatforms) = postSolution
		{C83AC738-868B-4443-B720-CFD42950FF24}.Debug|Any CPU.ActiveCfg = Debug|Any CPU
		{C83AC738-868B-4443-B720-CFD42950FF24}.Debug|Any CPU.Build.0 = Debug|Any CPU
		{C83AC738-868B-4443-B720-CFD42950FF24}.Release|Any CPU.ActiveCfg = Release|Any CPU
		{C83AC738-868B-4443-B720-CFD42950FF24}.Release|Any CPU.Build.0 = Release|Any CPU
	EndGlobalSection
	GlobalSection(SolutionProperties) = preSolution
		HideSolutionNode = FALSE
	EndGlobalSection
	GlobalSection(ExtensibilityGlobals) = postSolution
		SolutionGuid = {180A5427-031F-4911-ADAB-E3D6BAF52528}
	EndGlobalSection
EndGlobal
