
Microsoft Visual Studio Solution File, Format Version 12.00
# Visual Studio Version 17
VisualStudioVersion = 17.6.33829.357
MinimumVisualStudioVersion = 10.0.40219.1
Project("{FAE04EC0-301F-11D3-BF4B-00C04F79EFBC}") = "02. Summer Outfit", "02. Summer Outfit.csproj", "{8CFEA8A6-2B33-49AB-ACD3-FF044B05CA36}"
EndProject
Global
	GlobalSection(SolutionConfigurationPlatforms) = preSolution
		Debug|Any CPU = Debug|Any CPU
		Release|Any CPU = Release|Any CPU
	EndGlobalSection
	GlobalSection(ProjectConfigurationPlatforms) = postSolution
		{8CFEA8A6-2B33-49AB-ACD3-FF044B05CA36}.Debug|Any CPU.ActiveCfg = Debug|Any CPU
		{8CFEA8A6-2B33-49AB-ACD3-FF044B05CA36}.Debug|Any CPU.Build.0 = Debug|Any CPU
		{8CFEA8A6-2B33-49AB-ACD3-FF044B05CA36}.Release|Any CPU.ActiveCfg = Release|Any CPU
		{8CFEA8A6-2B33-49AB-ACD3-FF044B05CA36}.Release|Any CPU.Build.0 = Release|Any CPU
	EndGlobalSection
	GlobalSection(SolutionProperties) = preSolution
		HideSolutionNode = FALSE
	EndGlobalSection
	GlobalSection(ExtensibilityGlobals) = postSolution
		SolutionGuid = {8400881A-E10C-4148-A811-DB42029406A2}
	EndGlobalSection
EndGlobal
