
Microsoft Visual Studio Solution File, Format Version 12.00
# Visual Studio Version 17
VisualStudioVersion = 17.6.33829.357
MinimumVisualStudioVersion = 10.0.40219.1
Project("{FAE04EC0-301F-11D3-BF4B-00C04F79EFBC}") = "07. Sum Numbers", "07. Sum Numbers.csproj", "{C96A898E-80DF-4DE5-9A32-32C2761529AF}"
EndProject
Global
	GlobalSection(SolutionConfigurationPlatforms) = preSolution
		Debug|Any CPU = Debug|Any CPU
		Release|Any CPU = Release|Any CPU
	EndGlobalSection
	GlobalSection(ProjectConfigurationPlatforms) = postSolution
		{C96A898E-80DF-4DE5-9A32-32C2761529AF}.Debug|Any CPU.ActiveCfg = Debug|Any CPU
		{C96A898E-80DF-4DE5-9A32-32C2761529AF}.Debug|Any CPU.Build.0 = Debug|Any CPU
		{C96A898E-80DF-4DE5-9A32-32C2761529AF}.Release|Any CPU.ActiveCfg = Release|Any CPU
		{C96A898E-80DF-4DE5-9A32-32C2761529AF}.Release|Any CPU.Build.0 = Release|Any CPU
	EndGlobalSection
	GlobalSection(SolutionProperties) = preSolution
		HideSolutionNode = FALSE
	EndGlobalSection
	GlobalSection(ExtensibilityGlobals) = postSolution
		SolutionGuid = {B5D6C0D5-EC01-4665-8EEF-0905DD03B75A}
	EndGlobalSection
EndGlobal
