
Microsoft Visual Studio Solution File, Format Version 12.00
# Visual Studio Version 17
VisualStudioVersion = 17.6.33829.357
MinimumVisualStudioVersion = 10.0.40219.1
Project("{FAE04EC0-301F-11D3-BF4B-00C04F79EFBC}") = "05. Salary", "05. Salary.csproj", "{A8FB41C0-F263-4EB2-8F1A-494521935111}"
EndProject
Global
	GlobalSection(SolutionConfigurationPlatforms) = preSolution
		Debug|Any CPU = Debug|Any CPU
		Release|Any CPU = Release|Any CPU
	EndGlobalSection
	GlobalSection(ProjectConfigurationPlatforms) = postSolution
		{A8FB41C0-F263-4EB2-8F1A-494521935111}.Debug|Any CPU.ActiveCfg = Debug|Any CPU
		{A8FB41C0-F263-4EB2-8F1A-494521935111}.Debug|Any CPU.Build.0 = Debug|Any CPU
		{A8FB41C0-F263-4EB2-8F1A-494521935111}.Release|Any CPU.ActiveCfg = Release|Any CPU
		{A8FB41C0-F263-4EB2-8F1A-494521935111}.Release|Any CPU.Build.0 = Release|Any CPU
	EndGlobalSection
	GlobalSection(SolutionProperties) = preSolution
		HideSolutionNode = FALSE
	EndGlobalSection
	GlobalSection(ExtensibilityGlobals) = postSolution
		SolutionGuid = {C3A5912C-3CE5-4370-9AC2-B803EC2AC890}
	EndGlobalSection
EndGlobal
