
Microsoft Visual Studio Solution File, Format Version 12.00
# Visual Studio Version 17
VisualStudioVersion = 17.6.33829.357
MinimumVisualStudioVersion = 10.0.40219.1
Project("{FAE04EC0-301F-11D3-BF4B-00C04F79EFBC}") = "07. Min Number", "07. Min Number.csproj", "{11B53CF1-419B-45A8-B935-FA3E38E29E03}"
EndProject
Global
	GlobalSection(SolutionConfigurationPlatforms) = preSolution
		Debug|Any CPU = Debug|Any CPU
		Release|Any CPU = Release|Any CPU
	EndGlobalSection
	GlobalSection(ProjectConfigurationPlatforms) = postSolution
		{11B53CF1-419B-45A8-B935-FA3E38E29E03}.Debug|Any CPU.ActiveCfg = Debug|Any CPU
		{11B53CF1-419B-45A8-B935-FA3E38E29E03}.Debug|Any CPU.Build.0 = Debug|Any CPU
		{11B53CF1-419B-45A8-B935-FA3E38E29E03}.Release|Any CPU.ActiveCfg = Release|Any CPU
		{11B53CF1-419B-45A8-B935-FA3E38E29E03}.Release|Any CPU.Build.0 = Release|Any CPU
	EndGlobalSection
	GlobalSection(SolutionProperties) = preSolution
		HideSolutionNode = FALSE
	EndGlobalSection
	GlobalSection(ExtensibilityGlobals) = postSolution
		SolutionGuid = {8AEFEF93-D5CB-4380-97E7-368BBF676DFF}
	EndGlobalSection
EndGlobal
