
Microsoft Visual Studio Solution File, Format Version 12.00
# Visual Studio Version 17
VisualStudioVersion = 17.6.33829.357
MinimumVisualStudioVersion = 10.0.40219.1
Project("{FAE04EC0-301F-11D3-BF4B-00C04F79EFBC}") = "04. Password Guess", "04. Password Guess.csproj", "{34B37895-8E55-4C7F-8263-F1CFEBFF2F78}"
EndProject
Global
	GlobalSection(SolutionConfigurationPlatforms) = preSolution
		Debug|Any CPU = Debug|Any CPU
		Release|Any CPU = Release|Any CPU
	EndGlobalSection
	GlobalSection(ProjectConfigurationPlatforms) = postSolution
		{34B37895-8E55-4C7F-8263-F1CFEBFF2F78}.Debug|Any CPU.ActiveCfg = Debug|Any CPU
		{34B37895-8E55-4C7F-8263-F1CFEBFF2F78}.Debug|Any CPU.Build.0 = Debug|Any CPU
		{34B37895-8E55-4C7F-8263-F1CFEBFF2F78}.Release|Any CPU.ActiveCfg = Release|Any CPU
		{34B37895-8E55-4C7F-8263-F1CFEBFF2F78}.Release|Any CPU.Build.0 = Release|Any CPU
	EndGlobalSection
	GlobalSection(SolutionProperties) = preSolution
		HideSolutionNode = FALSE
	EndGlobalSection
	GlobalSection(ExtensibilityGlobals) = postSolution
		SolutionGuid = {B64235BE-9E35-41D9-BFE3-D28424C1F8FF}
	EndGlobalSection
EndGlobal
