
Microsoft Visual Studio Solution File, Format Version 12.00
# Visual Studio Version 17
VisualStudioVersion = 17.6.33829.357
MinimumVisualStudioVersion = 10.0.40219.1
Project("{FAE04EC0-301F-11D3-BF4B-00C04F79EFBC}") = "04. Clever Lily", "04. Clever Lily.csproj", "{5007C467-D399-4594-B3C3-24BD95273ABF}"
EndProject
Global
	GlobalSection(SolutionConfigurationPlatforms) = preSolution
		Debug|Any CPU = Debug|Any CPU
		Release|Any CPU = Release|Any CPU
	EndGlobalSection
	GlobalSection(ProjectConfigurationPlatforms) = postSolution
		{5007C467-D399-4594-B3C3-24BD95273ABF}.Debug|Any CPU.ActiveCfg = Debug|Any CPU
		{5007C467-D399-4594-B3C3-24BD95273ABF}.Debug|Any CPU.Build.0 = Debug|Any CPU
		{5007C467-D399-4594-B3C3-24BD95273ABF}.Release|Any CPU.ActiveCfg = Release|Any CPU
		{5007C467-D399-4594-B3C3-24BD95273ABF}.Release|Any CPU.Build.0 = Release|Any CPU
	EndGlobalSection
	GlobalSection(SolutionProperties) = preSolution
		HideSolutionNode = FALSE
	EndGlobalSection
	GlobalSection(ExtensibilityGlobals) = postSolution
		SolutionGuid = {EA89A8C3-8280-4155-94C2-6D04A313FFF3}
	EndGlobalSection
EndGlobal
