
Microsoft Visual Studio Solution File, Format Version 12.00
# Visual Studio Version 17
VisualStudioVersion = 17.6.33829.357
MinimumVisualStudioVersion = 10.0.40219.1
Project("{FAE04EC0-301F-11D3-BF4B-00C04F79EFBC}") = "02. Weekend or Working Day", "02. Weekend or Working Day.csproj", "{08C4021E-D2A5-4643-9260-45F11444F726}"
EndProject
Global
	GlobalSection(SolutionConfigurationPlatforms) = preSolution
		Debug|Any CPU = Debug|Any CPU
		Release|Any CPU = Release|Any CPU
	EndGlobalSection
	GlobalSection(ProjectConfigurationPlatforms) = postSolution
		{08C4021E-D2A5-4643-9260-45F11444F726}.Debug|Any CPU.ActiveCfg = Debug|Any CPU
		{08C4021E-D2A5-4643-9260-45F11444F726}.Debug|Any CPU.Build.0 = Debug|Any CPU
		{08C4021E-D2A5-4643-9260-45F11444F726}.Release|Any CPU.ActiveCfg = Release|Any CPU
		{08C4021E-D2A5-4643-9260-45F11444F726}.Release|Any CPU.Build.0 = Release|Any CPU
	EndGlobalSection
	GlobalSection(SolutionProperties) = preSolution
		HideSolutionNode = FALSE
	EndGlobalSection
	GlobalSection(ExtensibilityGlobals) = postSolution
		SolutionGuid = {9A632C15-9CF5-4ED1-AF09-DC47421DF3A1}
	EndGlobalSection
EndGlobal
